
Microsoft Visual Studio Solution File, Format Version 12.00
# Visual Studio 2013
VisualStudioVersion = 12.0.30501.0
MinimumVisualStudioVersion = 10.0.40219.1
Project("{FAE04EC0-301F-11D3-BF4B-00C04F79EFBC}") = "App8.WinPhone", "App8\App8.WinPhone\App8.WinPhone.csproj", "{B7F06A87-9E7B-4E54-A9E4-EB19B128D598}"
EndProject
Project("{FAE04EC0-301F-11D3-BF4B-00C04F79EFBC}") = "App8.iOS", "App8\App8.iOS\App8.iOS.csproj", "{D7EED12A-B877-4A06-A361-F8DF4D6980D8}"
EndProject
Project("{FAE04EC0-301F-11D3-BF4B-00C04F79EFBC}") = "App8.Android", "App8\App8.Android\App8.Android.csproj", "{510D4224-CD31-4517-8514-1F0AE796485B}"
EndProject
Project("{D954291E-2A0B-460D-934E-DC6B0785DB48}") = "App8", "App8\App8\App8.shproj", "{12E6701B-2E75-4840-8E07-D39AE6A1A841}"
EndProject
Global
	GlobalSection(SharedMSBuildProjectFiles) = preSolution
		App8\App8\App8.projitems*{510d4224-cd31-4517-8514-1f0ae796485b}*SharedItemsImports = 4
		App8\App8\App8.projitems*{d7eed12a-b877-4a06-a361-f8df4d6980d8}*SharedItemsImports = 4
		App8\App8\App8.projitems*{b7f06a87-9e7b-4e54-a9e4-eb19b128d598}*SharedItemsImports = 4
		App8\App8\App8.projitems*{12e6701b-2e75-4840-8e07-d39ae6a1a841}*SharedItemsImports = 13
	EndGlobalSection
	GlobalSection(SolutionConfigurationPlatforms) = preSolution
		Ad-Hoc|Any CPU = Ad-Hoc|Any CPU
		Ad-Hoc|ARM = Ad-Hoc|ARM
		Ad-Hoc|iPhone = Ad-Hoc|iPhone
		Ad-Hoc|iPhoneSimulator = Ad-Hoc|iPhoneSimulator
		Ad-Hoc|Mixed Platforms = Ad-Hoc|Mixed Platforms
		Ad-Hoc|x86 = Ad-Hoc|x86
		AppStore|Any CPU = AppStore|Any CPU
		AppStore|ARM = AppStore|ARM
		AppStore|iPhone = AppStore|iPhone
		AppStore|iPhoneSimulator = AppStore|iPhoneSimulator
		AppStore|Mixed Platforms = AppStore|Mixed Platforms
		AppStore|x86 = AppStore|x86
		Debug|Any CPU = Debug|Any CPU
		Debug|ARM = Debug|ARM
		Debug|iPhone = Debug|iPhone
		Debug|iPhoneSimulator = Debug|iPhoneSimulator
		Debug|Mixed Platforms = Debug|Mixed Platforms
		Debug|x86 = Debug|x86
		Release|Any CPU = Release|Any CPU
		Release|ARM = Release|ARM
		Release|iPhone = Release|iPhone
		Release|iPhoneSimulator = Release|iPhoneSimulator
		Release|Mixed Platforms = Release|Mixed Platforms
		Release|x86 = Release|x86
	EndGlobalSection
	GlobalSection(ProjectConfigurationPlatforms) = postSolution
		{B7F06A87-9E7B-4E54-A9E4-EB19B128D598}.Ad-Hoc|Any CPU.ActiveCfg = Release|Any CPU
		{B7F06A87-9E7B-4E54-A9E4-EB19B128D598}.Ad-Hoc|Any CPU.Build.0 = Release|Any CPU
		{B7F06A87-9E7B-4E54-A9E4-EB19B128D598}.Ad-Hoc|Any CPU.Deploy.0 = Release|Any CPU
		{B7F06A87-9E7B-4E54-A9E4-EB19B128D598}.Ad-Hoc|ARM.ActiveCfg = Release|ARM
		{B7F06A87-9E7B-4E54-A9E4-EB19B128D598}.Ad-Hoc|ARM.Build.0 = Release|ARM
		{B7F06A87-9E7B-4E54-A9E4-EB19B128D598}.Ad-Hoc|ARM.Deploy.0 = Release|ARM
		{B7F06A87-9E7B-4E54-A9E4-EB19B128D598}.Ad-Hoc|iPhone.ActiveCfg = Release|Any CPU
		{B7F06A87-9E7B-4E54-A9E4-EB19B128D598}.Ad-Hoc|iPhoneSimulator.ActiveCfg = Release|Any CPU
		{B7F06A87-9E7B-4E54-A9E4-EB19B128D598}.Ad-Hoc|Mixed Platforms.ActiveCfg = Release|x86
		{B7F06A87-9E7B-4E54-A9E4-EB19B128D598}.Ad-Hoc|Mixed Platforms.Build.0 = Release|x86
		{B7F06A87-9E7B-4E54-A9E4-EB19B128D598}.Ad-Hoc|Mixed Platforms.Deploy.0 = Release|x86
		{B7F06A87-9E7B-4E54-A9E4-EB19B128D598}.Ad-Hoc|x86.ActiveCfg = Release|x86
		{B7F06A87-9E7B-4E54-A9E4-EB19B128D598}.Ad-Hoc|x86.Build.0 = Release|x86
		{B7F06A87-9E7B-4E54-A9E4-EB19B128D598}.Ad-Hoc|x86.Deploy.0 = Release|x86
		{B7F06A87-9E7B-4E54-A9E4-EB19B128D598}.AppStore|Any CPU.ActiveCfg = Release|Any CPU
		{B7F06A87-9E7B-4E54-A9E4-EB19B128D598}.AppStore|Any CPU.Build.0 = Release|Any CPU
		{B7F06A87-9E7B-4E54-A9E4-EB19B128D598}.AppStore|Any CPU.Deploy.0 = Release|Any CPU
		{B7F06A87-9E7B-4E54-A9E4-EB19B128D598}.AppStore|ARM.ActiveCfg = Release|ARM
		{B7F06A87-9E7B-4E54-A9E4-EB19B128D598}.AppStore|ARM.Build.0 = Release|ARM
		{B7F06A87-9E7B-4E54-A9E4-EB19B128D598}.AppStore|ARM.Deploy.0 = Release|ARM
		{B7F06A87-9E7B-4E54-A9E4-EB19B128D598}.AppStore|iPhone.ActiveCfg = Release|Any CPU
		{B7F06A87-9E7B-4E54-A9E4-EB19B128D598}.AppStore|iPhoneSimulator.ActiveCfg = Release|Any CPU
		{B7F06A87-9E7B-4E54-A9E4-EB19B128D598}.AppStore|Mixed Platforms.ActiveCfg = Release|x86
		{B7F06A87-9E7B-4E54-A9E4-EB19B128D598}.AppStore|Mixed Platforms.Build.0 = Release|x86
		{B7F06A87-9E7B-4E54-A9E4-EB19B128D598}.AppStore|Mixed Platforms.Deploy.0 = Release|x86
		{B7F06A87-9E7B-4E54-A9E4-EB19B128D598}.AppStore|x86.ActiveCfg = Release|x86
		{B7F06A87-9E7B-4E54-A9E4-EB19B128D598}.AppStore|x86.Build.0 = Release|x86
		{B7F06A87-9E7B-4E54-A9E4-EB19B128D598}.AppStore|x86.Deploy.0 = Release|x86
		{B7F06A87-9E7B-4E54-A9E4-EB19B128D598}.Debug|Any CPU.ActiveCfg = Debug|Any CPU
		{B7F06A87-9E7B-4E54-A9E4-EB19B128D598}.Debug|Any CPU.Build.0 = Debug|Any CPU
		{B7F06A87-9E7B-4E54-A9E4-EB19B128D598}.Debug|Any CPU.Deploy.0 = Debug|Any CPU
		{B7F06A87-9E7B-4E54-A9E4-EB19B128D598}.Debug|ARM.ActiveCfg = Debug|ARM
		{B7F06A87-9E7B-4E54-A9E4-EB19B128D598}.Debug|ARM.Build.0 = Debug|ARM
		{B7F06A87-9E7B-4E54-A9E4-EB19B128D598}.Debug|ARM.Deploy.0 = Debug|ARM
		{B7F06A87-9E7B-4E54-A9E4-EB19B128D598}.Debug|iPhone.ActiveCfg = Debug|Any CPU
		{B7F06A87-9E7B-4E54-A9E4-EB19B128D598}.Debug|iPhoneSimulator.ActiveCfg = Debug|Any CPU
		{B7F06A87-9E7B-4E54-A9E4-EB19B128D598}.Debug|Mixed Platforms.ActiveCfg = Debug|x86
		{B7F06A87-9E7B-4E54-A9E4-EB19B128D598}.Debug|Mixed Platforms.Build.0 = Debug|x86
		{B7F06A87-9E7B-4E54-A9E4-EB19B128D598}.Debug|Mixed Platforms.Deploy.0 = Debug|x86
		{B7F06A87-9E7B-4E54-A9E4-EB19B128D598}.Debug|x86.ActiveCfg = Debug|x86
		{B7F06A87-9E7B-4E54-A9E4-EB19B128D598}.Debug|x86.Build.0 = Debug|x86
		{B7F06A87-9E7B-4E54-A9E4-EB19B128D598}.Debug|x86.Deploy.0 = Debug|x86
		{B7F06A87-9E7B-4E54-A9E4-EB19B128D598}.Release|Any CPU.ActiveCfg = Release|Any CPU
		{B7F06A87-9E7B-4E54-A9E4-EB19B128D598}.Release|Any CPU.Build.0 = Release|Any CPU
		{B7F06A87-9E7B-4E54-A9E4-EB19B128D598}.Release|Any CPU.Deploy.0 = Release|Any CPU
		{B7F06A87-9E7B-4E54-A9E4-EB19B128D598}.Release|ARM.ActiveCfg = Release|ARM
		{B7F06A87-9E7B-4E54-A9E4-EB19B128D598}.Release|ARM.Build.0 = Release|ARM
		{B7F06A87-9E7B-4E54-A9E4-EB19B128D598}.Release|ARM.Deploy.0 = Release|ARM
		{B7F06A87-9E7B-4E54-A9E4-EB19B128D598}.Release|iPhone.ActiveCfg = Release|Any CPU
		{B7F06A87-9E7B-4E54-A9E4-EB19B128D598}.Release|iPhoneSimulator.ActiveCfg = Release|Any CPU
		{B7F06A87-9E7B-4E54-A9E4-EB19B128D598}.Release|Mixed Platforms.ActiveCfg = Release|x86
		{B7F06A87-9E7B-4E54-A9E4-EB19B128D598}.Release|Mixed Platforms.Build.0 = Release|x86
		{B7F06A87-9E7B-4E54-A9E4-EB19B128D598}.Release|Mixed Platforms.Deploy.0 = Release|x86
		{B7F06A87-9E7B-4E54-A9E4-EB19B128D598}.Release|x86.ActiveCfg = Release|x86
		{B7F06A87-9E7B-4E54-A9E4-EB19B128D598}.Release|x86.Build.0 = Release|x86
		{B7F06A87-9E7B-4E54-A9E4-EB19B128D598}.Release|x86.Deploy.0 = Release|x86
		{D7EED12A-B877-4A06-A361-F8DF4D6980D8}.Ad-Hoc|Any CPU.ActiveCfg = Ad-Hoc|iPhone
		{D7EED12A-B877-4A06-A361-F8DF4D6980D8}.Ad-Hoc|ARM.ActiveCfg = Ad-Hoc|iPhone
		{D7EED12A-B877-4A06-A361-F8DF4D6980D8}.Ad-Hoc|iPhone.ActiveCfg = Ad-Hoc|iPhone
		{D7EED12A-B877-4A06-A361-F8DF4D6980D8}.Ad-Hoc|iPhone.Build.0 = Ad-Hoc|iPhone
		{D7EED12A-B877-4A06-A361-F8DF4D6980D8}.Ad-Hoc|iPhone.Deploy.0 = Ad-Hoc|iPhone
		{D7EED12A-B877-4A06-A361-F8DF4D6980D8}.Ad-Hoc|iPhoneSimulator.ActiveCfg = Ad-Hoc|iPhoneSimulator
		{D7EED12A-B877-4A06-A361-F8DF4D6980D8}.Ad-Hoc|iPhoneSimulator.Build.0 = Ad-Hoc|iPhoneSimulator
		{D7EED12A-B877-4A06-A361-F8DF4D6980D8}.Ad-Hoc|iPhoneSimulator.Deploy.0 = Ad-Hoc|iPhoneSimulator
		{D7EED12A-B877-4A06-A361-F8DF4D6980D8}.Ad-Hoc|Mixed Platforms.ActiveCfg = Ad-Hoc|iPhone
		{D7EED12A-B877-4A06-A361-F8DF4D6980D8}.Ad-Hoc|Mixed Platforms.Build.0 = Ad-Hoc|iPhone
		{D7EED12A-B877-4A06-A361-F8DF4D6980D8}.Ad-Hoc|Mixed Platforms.Deploy.0 = Ad-Hoc|iPhone
		{D7EED12A-B877-4A06-A361-F8DF4D6980D8}.Ad-Hoc|x86.ActiveCfg = Ad-Hoc|iPhone
		{D7EED12A-B877-4A06-A361-F8DF4D6980D8}.AppStore|Any CPU.ActiveCfg = AppStore|iPhone
		{D7EED12A-B877-4A06-A361-F8DF4D6980D8}.AppStore|ARM.ActiveCfg = AppStore|iPhone
		{D7EED12A-B877-4A06-A361-F8DF4D6980D8}.AppStore|iPhone.ActiveCfg = AppStore|iPhone
		{D7EED12A-B877-4A06-A361-F8DF4D6980D8}.AppStore|iPhone.Build.0 = AppStore|iPhone
		{D7EED12A-B877-4A06-A361-F8DF4D6980D8}.AppStore|iPhone.Deploy.0 = AppStore|iPhone
		{D7EED12A-B877-4A06-A361-F8DF4D6980D8}.AppStore|iPhoneSimulator.ActiveCfg = AppStore|iPhoneSimulator
		{D7EED12A-B877-4A06-A361-F8DF4D6980D8}.AppStore|iPhoneSimulator.Build.0 = AppStore|iPhoneSimulator
		{D7EED12A-B877-4A06-A361-F8DF4D6980D8}.AppStore|iPhoneSimulator.Deploy.0 = AppStore|iPhoneSimulator
		{D7EED12A-B877-4A06-A361-F8DF4D6980D8}.AppStore|Mixed Platforms.ActiveCfg = AppStore|iPhone
		{D7EED12A-B877-4A06-A361-F8DF4D6980D8}.AppStore|Mixed Platforms.Build.0 = AppStore|iPhone
		{D7EED12A-B877-4A06-A361-F8DF4D6980D8}.AppStore|Mixed Platforms.Deploy.0 = AppStore|iPhone
		{D7EED12A-B877-4A06-A361-F8DF4D6980D8}.AppStore|x86.ActiveCfg = AppStore|iPhone
		{D7EED12A-B877-4A06-A361-F8DF4D6980D8}.Debug|Any CPU.ActiveCfg = Debug|iPhone
		{D7EED12A-B877-4A06-A361-F8DF4D6980D8}.Debug|ARM.ActiveCfg = Debug|iPhone
		{D7EED12A-B877-4A06-A361-F8DF4D6980D8}.Debug|iPhone.ActiveCfg = Debug|iPhone
		{D7EED12A-B877-4A06-A361-F8DF4D6980D8}.Debug|iPhone.Build.0 = Debug|iPhone
		{D7EED12A-B877-4A06-A361-F8DF4D6980D8}.Debug|iPhone.Deploy.0 = Debug|iPhone
		{D7EED12A-B877-4A06-A361-F8DF4D6980D8}.Debug|iPhoneSimulator.ActiveCfg = Debug|iPhoneSimulator
		{D7EED12A-B877-4A06-A361-F8DF4D6980D8}.Debug|iPhoneSimulator.Build.0 = Debug|iPhoneSimulator
		{D7EED12A-B877-4A06-A361-F8DF4D6980D8}.Debug|iPhoneSimulator.Deploy.0 = Debug|iPhoneSimulator
		{D7EED12A-B877-4A06-A361-F8DF4D6980D8}.Debug|Mixed Platforms.ActiveCfg = Debug|iPhone
		{D7EED12A-B877-4A06-A361-F8DF4D6980D8}.Debug|Mixed Platforms.Build.0 = Debug|iPhone
		{D7EED12A-B877-4A06-A361-F8DF4D6980D8}.Debug|Mixed Platforms.Deploy.0 = Debug|iPhone
		{D7EED12A-B877-4A06-A361-F8DF4D6980D8}.Debug|x86.ActiveCfg = Debug|iPhone
		{D7EED12A-B877-4A06-A361-F8DF4D6980D8}.Release|Any CPU.ActiveCfg = Release|iPhone
		{D7EED12A-B877-4A06-A361-F8DF4D6980D8}.Release|ARM.ActiveCfg = Release|iPhone
		{D7EED12A-B877-4A06-A361-F8DF4D6980D8}.Release|iPhone.ActiveCfg = Release|iPhone
		{D7EED12A-B877-4A06-A361-F8DF4D6980D8}.Release|iPhone.Build.0 = Release|iPhone
		{D7EED12A-B877-4A06-A361-F8DF4D6980D8}.Release|iPhone.Deploy.0 = Release|iPhone
		{D7EED12A-B877-4A06-A361-F8DF4D6980D8}.Release|iPhoneSimulator.ActiveCfg = Release|iPhoneSimulator
		{D7EED12A-B877-4A06-A361-F8DF4D6980D8}.Release|iPhoneSimulator.Build.0 = Release|iPhoneSimulator
		{D7EED12A-B877-4A06-A361-F8DF4D6980D8}.Release|iPhoneSimulator.Deploy.0 = Release|iPhoneSimulator
		{D7EED12A-B877-4A06-A361-F8DF4D6980D8}.Release|Mixed Platforms.ActiveCfg = Release|iPhone
		{D7EED12A-B877-4A06-A361-F8DF4D6980D8}.Release|Mixed Platforms.Build.0 = Release|iPhone
		{D7EED12A-B877-4A06-A361-F8DF4D6980D8}.Release|Mixed Platforms.Deploy.0 = Release|iPhone
		{D7EED12A-B877-4A06-A361-F8DF4D6980D8}.Release|x86.ActiveCfg = Release|iPhone
		{510D4224-CD31-4517-8514-1F0AE796485B}.Ad-Hoc|Any CPU.ActiveCfg = Release|Any CPU
		{510D4224-CD31-4517-8514-1F0AE796485B}.Ad-Hoc|Any CPU.Build.0 = Release|Any CPU
		{510D4224-CD31-4517-8514-1F0AE796485B}.Ad-Hoc|Any CPU.Deploy.0 = Release|Any CPU
		{510D4224-CD31-4517-8514-1F0AE796485B}.Ad-Hoc|ARM.ActiveCfg = Release|Any CPU
		{510D4224-CD31-4517-8514-1F0AE796485B}.Ad-Hoc|iPhone.ActiveCfg = Release|Any CPU
		{510D4224-CD31-4517-8514-1F0AE796485B}.Ad-Hoc|iPhoneSimulator.ActiveCfg = Release|Any CPU
		{510D4224-CD31-4517-8514-1F0AE796485B}.Ad-Hoc|Mixed Platforms.ActiveCfg = Release|Any CPU
		{510D4224-CD31-4517-8514-1F0AE796485B}.Ad-Hoc|Mixed Platforms.Build.0 = Release|Any CPU
		{510D4224-CD31-4517-8514-1F0AE796485B}.Ad-Hoc|Mixed Platforms.Deploy.0 = Release|Any CPU
		{510D4224-CD31-4517-8514-1F0AE796485B}.Ad-Hoc|x86.ActiveCfg = Release|Any CPU
		{510D4224-CD31-4517-8514-1F0AE796485B}.AppStore|Any CPU.ActiveCfg = Release|Any CPU
		{510D4224-CD31-4517-8514-1F0AE796485B}.AppStore|Any CPU.Build.0 = Release|Any CPU
		{510D4224-CD31-4517-8514-1F0AE796485B}.AppStore|Any CPU.Deploy.0 = Release|Any CPU
		{510D4224-CD31-4517-8514-1F0AE796485B}.AppStore|ARM.ActiveCfg = Release|Any CPU
		{510D4224-CD31-4517-8514-1F0AE796485B}.AppStore|iPhone.ActiveCfg = Release|Any CPU
		{510D4224-CD31-4517-8514-1F0AE796485B}.AppStore|iPhoneSimulator.ActiveCfg = Release|Any CPU
		{510D4224-CD31-4517-8514-1F0AE796485B}.AppStore|Mixed Platforms.ActiveCfg = Release|Any CPU
		{510D4224-CD31-4517-8514-1F0AE796485B}.AppStore|Mixed Platforms.Build.0 = Release|Any CPU
		{510D4224-CD31-4517-8514-1F0AE796485B}.AppStore|Mixed Platforms.Deploy.0 = Release|Any CPU
		{510D4224-CD31-4517-8514-1F0AE796485B}.AppStore|x86.ActiveCfg = Release|Any CPU
		{510D4224-CD31-4517-8514-1F0AE796485B}.Debug|Any CPU.ActiveCfg = Debug|Any CPU
		{510D4224-CD31-4517-8514-1F0AE796485B}.Debug|Any CPU.Build.0 = Debug|Any CPU
		{510D4224-CD31-4517-8514-1F0AE796485B}.Debug|Any CPU.Deploy.0 = Debug|Any CPU
		{510D4224-CD31-4517-8514-1F0AE796485B}.Debug|ARM.ActiveCfg = Debug|Any CPU
		{510D4224-CD31-4517-8514-1F0AE796485B}.Debug|iPhone.ActiveCfg = Debug|Any CPU
		{510D4224-CD31-4517-8514-1F0AE796485B}.Debug|iPhoneSimulator.ActiveCfg = Debug|Any CPU
		{510D4224-CD31-4517-8514-1F0AE796485B}.Debug|Mixed Platforms.ActiveCfg = Debug|Any CPU
		{510D4224-CD31-4517-8514-1F0AE796485B}.Debug|Mixed Platforms.Build.0 = Debug|Any CPU
		{510D4224-CD31-4517-8514-1F0AE796485B}.Debug|Mixed Platforms.Deploy.0 = Debug|Any CPU
		{510D4224-CD31-4517-8514-1F0AE796485B}.Debug|x86.ActiveCfg = Debug|Any CPU
		{510D4224-CD31-4517-8514-1F0AE796485B}.Release|Any CPU.ActiveCfg = Release|Any CPU
		{510D4224-CD31-4517-8514-1F0AE796485B}.Release|Any CPU.Build.0 = Release|Any CPU
		{510D4224-CD31-4517-8514-1F0AE796485B}.Release|Any CPU.Deploy.0 = Release|Any CPU
		{510D4224-CD31-4517-8514-1F0AE796485B}.Release|ARM.ActiveCfg = Release|Any CPU
		{510D4224-CD31-4517-8514-1F0AE796485B}.Release|iPhone.ActiveCfg = Release|Any CPU
		{510D4224-CD31-4517-8514-1F0AE796485B}.Release|iPhoneSimulator.ActiveCfg = Release|Any CPU
		{510D4224-CD31-4517-8514-1F0AE796485B}.Release|Mixed Platforms.ActiveCfg = Release|Any CPU
		{510D4224-CD31-4517-8514-1F0AE796485B}.Release|Mixed Platforms.Build.0 = Release|Any CPU
		{510D4224-CD31-4517-8514-1F0AE796485B}.Release|Mixed Platforms.Deploy.0 = Release|Any CPU
		{510D4224-CD31-4517-8514-1F0AE796485B}.Release|x86.ActiveCfg = Release|Any CPU
	EndGlobalSection
	GlobalSection(SolutionProperties) = preSolution
		HideSolutionNode = FALSE
	EndGlobalSection
EndGlobal
